
Microsoft Visual Studio Solution File, Format Version 12.00
# Visual Studio Version 17
VisualStudioVersion = 17.0.31919.166
MinimumVisualStudioVersion = 10.0.40219.1
Project("{FAE04EC0-301F-11D3-BF4B-00C04F79EFBC}") = "BookPublishers", "BookPublishers\BookPublishers.csproj", "{8C611790-39D1-4CE3-B96F-F93B5BCDE38A}"
EndProject
Global
	GlobalSection(SolutionConfigurationPlatforms) = preSolution
		Debug|Any CPU = Debug|Any CPU
		Release|Any CPU = Release|Any CPU
	EndGlobalSection
	GlobalSection(ProjectConfigurationPlatforms) = postSolution
		{8C611790-39D1-4CE3-B96F-F93B5BCDE38A}.Debug|Any CPU.ActiveCfg = Debug|Any CPU
		{8C611790-39D1-4CE3-B96F-F93B5BCDE38A}.Debug|Any CPU.Build.0 = Debug|Any CPU
		{8C611790-39D1-4CE3-B96F-F93B5BCDE38A}.Release|Any CPU.ActiveCfg = Release|Any CPU
		{8C611790-39D1-4CE3-B96F-F93B5BCDE38A}.Release|Any CPU.Build.0 = Release|Any CPU
	EndGlobalSection
	GlobalSection(SolutionProperties) = preSolution
		HideSolutionNode = FALSE
	EndGlobalSection
	GlobalSection(ExtensibilityGlobals) = postSolution
		SolutionGuid = {D18316EE-12C5-44B1-80C4-4C432DD41DA6}
	EndGlobalSection
EndGlobal
